
Microsoft Visual Studio Solution File, Format Version 12.00
# Visual Studio Version 17
VisualStudioVersion = 17.13.35825.156 d17.13
MinimumVisualStudioVersion = 10.0.40219.1
Project("{FAE04EC0-301F-11D3-BF4B-00C04F79EFBC}") = "Homework-2", "Homework-2\Homework-2.csproj", "{1F53E828-B4A8-4634-92DF-6818CA1B5445}"
EndProject
Global
	GlobalSection(SolutionConfigurationPlatforms) = preSolution
		Debug|Any CPU = Debug|Any CPU
		Release|Any CPU = Release|Any CPU
	EndGlobalSection
	GlobalSection(ProjectConfigurationPlatforms) = postSolution
		{1F53E828-B4A8-4634-92DF-6818CA1B5445}.Debug|Any CPU.ActiveCfg = Debug|Any CPU
		{1F53E828-B4A8-4634-92DF-6818CA1B5445}.Debug|Any CPU.Build.0 = Debug|Any CPU
		{1F53E828-B4A8-4634-92DF-6818CA1B5445}.Release|Any CPU.ActiveCfg = Release|Any CPU
		{1F53E828-B4A8-4634-92DF-6818CA1B5445}.Release|Any CPU.Build.0 = Release|Any CPU
	EndGlobalSection
	GlobalSection(SolutionProperties) = preSolution
		HideSolutionNode = FALSE
	EndGlobalSection
	GlobalSection(ExtensibilityGlobals) = postSolution
		SolutionGuid = {319B0B78-743A-4CB4-9FA2-C071C39CB373}
	EndGlobalSection
EndGlobal
