
Microsoft Visual Studio Solution File, Format Version 12.00
# Visual Studio Version 17
VisualStudioVersion = 17.13.35825.156 d17.13
MinimumVisualStudioVersion = 10.0.40219.1
Project("{FAE04EC0-301F-11D3-BF4B-00C04F79EFBC}") = "Homework", "Homework\Homework.csproj", "{380040CE-B3C6-4401-B64B-9A8F53F28D50}"
EndProject
Project("{FAE04EC0-301F-11D3-BF4B-00C04F79EFBC}") = "Classes", "Classes\Classes.csproj", "{C5D7B75A-4C33-4372-8ADC-C9E532CC9F99}"
EndProject
Global
	GlobalSection(SolutionConfigurationPlatforms) = preSolution
		Debug|Any CPU = Debug|Any CPU
		Release|Any CPU = Release|Any CPU
	EndGlobalSection
	GlobalSection(ProjectConfigurationPlatforms) = postSolution
		{380040CE-B3C6-4401-B64B-9A8F53F28D50}.Debug|Any CPU.ActiveCfg = Debug|Any CPU
		{380040CE-B3C6-4401-B64B-9A8F53F28D50}.Debug|Any CPU.Build.0 = Debug|Any CPU
		{380040CE-B3C6-4401-B64B-9A8F53F28D50}.Release|Any CPU.ActiveCfg = Release|Any CPU
		{380040CE-B3C6-4401-B64B-9A8F53F28D50}.Release|Any CPU.Build.0 = Release|Any CPU
		{C5D7B75A-4C33-4372-8ADC-C9E532CC9F99}.Debug|Any CPU.ActiveCfg = Debug|Any CPU
		{C5D7B75A-4C33-4372-8ADC-C9E532CC9F99}.Debug|Any CPU.Build.0 = Debug|Any CPU
		{C5D7B75A-4C33-4372-8ADC-C9E532CC9F99}.Release|Any CPU.ActiveCfg = Release|Any CPU
		{C5D7B75A-4C33-4372-8ADC-C9E532CC9F99}.Release|Any CPU.Build.0 = Release|Any CPU
	EndGlobalSection
	GlobalSection(SolutionProperties) = preSolution
		HideSolutionNode = FALSE
	EndGlobalSection
	GlobalSection(ExtensibilityGlobals) = postSolution
		SolutionGuid = {C59C1A7A-8E6A-48D6-90C8-C61A1FDE94C1}
	EndGlobalSection
EndGlobal
