
Microsoft Visual Studio Solution File, Format Version 12.00
# Visual Studio Version 17
VisualStudioVersion = 17.13.35825.156 d17.13
MinimumVisualStudioVersion = 10.0.40219.1
Project("{FAE04EC0-301F-11D3-BF4B-00C04F79EFBC}") = "exercises", "ConsoleApp1\exercises.csproj", "{7DBB63CC-8657-41AD-ACB0-135C5FFCC099}"
EndProject
Project("{FAE04EC0-301F-11D3-BF4B-00C04F79EFBC}") = "homework- class 1", "homework- class 1\homework- class 1.csproj", "{F1E2701A-C42F-45C3-953B-11FE0ABF880C}"
EndProject
Global
	GlobalSection(SolutionConfigurationPlatforms) = preSolution
		Debug|Any CPU = Debug|Any CPU
		Release|Any CPU = Release|Any CPU
	EndGlobalSection
	GlobalSection(ProjectConfigurationPlatforms) = postSolution
		{7DBB63CC-8657-41AD-ACB0-135C5FFCC099}.Debug|Any CPU.ActiveCfg = Debug|Any CPU
		{7DBB63CC-8657-41AD-ACB0-135C5FFCC099}.Debug|Any CPU.Build.0 = Debug|Any CPU
		{7DBB63CC-8657-41AD-ACB0-135C5FFCC099}.Release|Any CPU.ActiveCfg = Release|Any CPU
		{7DBB63CC-8657-41AD-ACB0-135C5FFCC099}.Release|Any CPU.Build.0 = Release|Any CPU
		{F1E2701A-C42F-45C3-953B-11FE0ABF880C}.Debug|Any CPU.ActiveCfg = Debug|Any CPU
		{F1E2701A-C42F-45C3-953B-11FE0ABF880C}.Debug|Any CPU.Build.0 = Debug|Any CPU
		{F1E2701A-C42F-45C3-953B-11FE0ABF880C}.Release|Any CPU.ActiveCfg = Release|Any CPU
		{F1E2701A-C42F-45C3-953B-11FE0ABF880C}.Release|Any CPU.Build.0 = Release|Any CPU
	EndGlobalSection
	GlobalSection(SolutionProperties) = preSolution
		HideSolutionNode = FALSE
	EndGlobalSection
	GlobalSection(ExtensibilityGlobals) = postSolution
		SolutionGuid = {53D78BA7-818B-4476-BD4D-08E5C5AE3461}
	EndGlobalSection
EndGlobal
